// !$*UTF8*$!
{
	archiveVersion = 1;
	classes = {
	};
	objectVersion = 56;
	objects = {

/* Begin PBXBuildFile section */
		0A899A5F2C01532100B7FD5F /* FirestoreKeys.swift in Sources */ = {isa = PBXBuildFile; fileRef = 0A899A5E2C01532100B7FD5F /* FirestoreKeys.swift */; };
		0A899A622C0154BD00B7FD5F /* InvertextoAPI.swift in Sources */ = {isa = PBXBuildFile; fileRef = 0A899A612C0154BD00B7FD5F /* InvertextoAPI.swift */; };
		9908CF702BFC0EEE00F4962A /* FirebaseAuthActions.swift in Sources */ = {isa = PBXBuildFile; fileRef = 9908CF6C2BFC0EEE00F4962A /* FirebaseAuthActions.swift */; };
		9908CF712BFC0EEE00F4962A /* FirestoreActions.swift in Sources */ = {isa = PBXBuildFile; fileRef = 9908CF6D2BFC0EEE00F4962A /* FirestoreActions.swift */; };
		9908CF772BFC0EF600F4962A /* CoolvertApp.swift in Sources */ = {isa = PBXBuildFile; fileRef = 9908CF732BFC0EF600F4962A /* CoolvertApp.swift */; };
		9908CF7A2BFC112100F4962A /* SignUpView.swift in Sources */ = {isa = PBXBuildFile; fileRef = 9908CF792BFC112100F4962A /* SignUpView.swift */; };
		9908CF7C2BFC131A00F4962A /* ContentView.swift in Sources */ = {isa = PBXBuildFile; fileRef = 9908CF7B2BFC131A00F4962A /* ContentView.swift */; };
		9908CF862BFC228600F4962A /* Assets.xcassets in Resources */ = {isa = PBXBuildFile; fileRef = 992BD5C12BEE8F5A000F44FD /* Assets.xcassets */; };
		992BD5C52BEE8F5A000F44FD /* Preview Assets.xcassets in Resources */ = {isa = PBXBuildFile; fileRef = 992BD5C42BEE8F5A000F44FD /* Preview Assets.xcassets */; };
		9979D1662BFEB1E700EF1F7F /* GoogleSignIn in Frameworks */ = {isa = PBXBuildFile; productRef = 9979D1652BFEB1E700EF1F7F /* GoogleSignIn */; };
		9979D1682BFEB1E700EF1F7F /* GoogleSignInSwift in Frameworks */ = {isa = PBXBuildFile; productRef = 9979D1672BFEB1E700EF1F7F /* GoogleSignInSwift */; };
		9979D16A2BFEB27F00EF1F7F /* FirebaseAnalytics in Frameworks */ = {isa = PBXBuildFile; productRef = 9979D1692BFEB27F00EF1F7F /* FirebaseAnalytics */; };
		9979D16C2BFEB27F00EF1F7F /* FirebaseAnalyticsSwift in Frameworks */ = {isa = PBXBuildFile; productRef = 9979D16B2BFEB27F00EF1F7F /* FirebaseAnalyticsSwift */; };
		9979D16E2BFEB27F00EF1F7F /* FirebaseAuth in Frameworks */ = {isa = PBXBuildFile; productRef = 9979D16D2BFEB27F00EF1F7F /* FirebaseAuth */; };
		9979D1702BFEB27F00EF1F7F /* FirebaseDatabase in Frameworks */ = {isa = PBXBuildFile; productRef = 9979D16F2BFEB27F00EF1F7F /* FirebaseDatabase */; };
		9979D1722BFEB27F00EF1F7F /* FirebaseDatabaseSwift in Frameworks */ = {isa = PBXBuildFile; productRef = 9979D1712BFEB27F00EF1F7F /* FirebaseDatabaseSwift */; };
		9979D1742BFEB27F00EF1F7F /* FirebaseFirestore in Frameworks */ = {isa = PBXBuildFile; productRef = 9979D1732BFEB27F00EF1F7F /* FirebaseFirestore */; };
		9979D1762BFEB27F00EF1F7F /* FirebaseFirestoreSwift in Frameworks */ = {isa = PBXBuildFile; productRef = 9979D1752BFEB27F00EF1F7F /* FirebaseFirestoreSwift */; };
		9979D1782BFEB27F00EF1F7F /* FirebaseStorage in Frameworks */ = {isa = PBXBuildFile; productRef = 9979D1772BFEB27F00EF1F7F /* FirebaseStorage */; };
		9979D17B2BFEB46B00EF1F7F /* BackgroundView.swift in Sources */ = {isa = PBXBuildFile; fileRef = 9979D17A2BFEB46B00EF1F7F /* BackgroundView.swift */; };
		99A0872A2C00AA4400C79CB6 /* GoogleService-Info.plist in Resources */ = {isa = PBXBuildFile; fileRef = 99A087292C00AA4400C79CB6 /* GoogleService-Info.plist */; };
		99A0872C2C00B6E500C79CB6 /* AppDelegate.swift in Sources */ = {isa = PBXBuildFile; fileRef = 99A0872B2C00B6E500C79CB6 /* AppDelegate.swift */; };
		99A0873D2C0132D800C79CB6 /* LICENSE.txt in Resources */ = {isa = PBXBuildFile; fileRef = 99A0872E2C0132D800C79CB6 /* LICENSE.txt */; };
		99A0873E2C0132D800C79CB6 /* Roboto-Black.ttf in Resources */ = {isa = PBXBuildFile; fileRef = 99A0872F2C0132D800C79CB6 /* Roboto-Black.ttf */; };
		99A0873F2C0132D800C79CB6 /* Roboto-BlackItalic.ttf in Resources */ = {isa = PBXBuildFile; fileRef = 99A087302C0132D800C79CB6 /* Roboto-BlackItalic.ttf */; };
		99A087402C0132D800C79CB6 /* Roboto-Bold.ttf in Resources */ = {isa = PBXBuildFile; fileRef = 99A087312C0132D800C79CB6 /* Roboto-Bold.ttf */; };
		99A087412C0132D800C79CB6 /* Roboto-BoldItalic.ttf in Resources */ = {isa = PBXBuildFile; fileRef = 99A087322C0132D800C79CB6 /* Roboto-BoldItalic.ttf */; };
		99A087422C0132D800C79CB6 /* Roboto-Italic.ttf in Resources */ = {isa = PBXBuildFile; fileRef = 99A087332C0132D800C79CB6 /* Roboto-Italic.ttf */; };
		99A087432C0132D800C79CB6 /* Roboto-Light.ttf in Resources */ = {isa = PBXBuildFile; fileRef = 99A087342C0132D800C79CB6 /* Roboto-Light.ttf */; };
		99A087442C0132D800C79CB6 /* Roboto-LightItalic.ttf in Resources */ = {isa = PBXBuildFile; fileRef = 99A087352C0132D800C79CB6 /* Roboto-LightItalic.ttf */; };
		99A087452C0132D800C79CB6 /* Roboto-Medium.ttf in Resources */ = {isa = PBXBuildFile; fileRef = 99A087362C0132D800C79CB6 /* Roboto-Medium.ttf */; };
		99A087462C0132D800C79CB6 /* Roboto-MediumItalic.ttf in Resources */ = {isa = PBXBuildFile; fileRef = 99A087372C0132D800C79CB6 /* Roboto-MediumItalic.ttf */; };
		99A087472C0132D800C79CB6 /* Roboto-Regular.ttf in Resources */ = {isa = PBXBuildFile; fileRef = 99A087382C0132D800C79CB6 /* Roboto-Regular.ttf */; };
		99A087482C0132D800C79CB6 /* Roboto-Thin.ttf in Resources */ = {isa = PBXBuildFile; fileRef = 99A087392C0132D800C79CB6 /* Roboto-Thin.ttf */; };
		99A087492C0132D800C79CB6 /* Roboto-ThinItalic.ttf in Resources */ = {isa = PBXBuildFile; fileRef = 99A0873A2C0132D800C79CB6 /* Roboto-ThinItalic.ttf */; };
/* End PBXBuildFile section */

/* Begin PBXFileReference section */
		0A899A5E2C01532100B7FD5F /* FirestoreKeys.swift */ = {isa = PBXFileReference; lastKnownFileType = sourcecode.swift; path = FirestoreKeys.swift; sourceTree = "<group>"; };
		0A899A612C0154BD00B7FD5F /* InvertextoAPI.swift */ = {isa = PBXFileReference; lastKnownFileType = sourcecode.swift; path = InvertextoAPI.swift; sourceTree = "<group>"; };
		9908CF6C2BFC0EEE00F4962A /* FirebaseAuthActions.swift */ = {isa = PBXFileReference; fileEncoding = 4; lastKnownFileType = sourcecode.swift; path = FirebaseAuthActions.swift; sourceTree = "<group>"; };
		9908CF6D2BFC0EEE00F4962A /* FirestoreActions.swift */ = {isa = PBXFileReference; fileEncoding = 4; lastKnownFileType = sourcecode.swift; path = FirestoreActions.swift; sourceTree = "<group>"; };
		9908CF732BFC0EF600F4962A /* CoolvertApp.swift */ = {isa = PBXFileReference; fileEncoding = 4; lastKnownFileType = sourcecode.swift; path = CoolvertApp.swift; sourceTree = "<group>"; };
		9908CF792BFC112100F4962A /* SignUpView.swift */ = {isa = PBXFileReference; lastKnownFileType = sourcecode.swift; path = SignUpView.swift; sourceTree = "<group>"; };
		9908CF7B2BFC131A00F4962A /* ContentView.swift */ = {isa = PBXFileReference; fileEncoding = 4; lastKnownFileType = sourcecode.swift; path = ContentView.swift; sourceTree = "<group>"; };
		992BD5BA2BEE8F59000F44FD /* Coolvert.app */ = {isa = PBXFileReference; explicitFileType = wrapper.application; includeInIndex = 0; path = Coolvert.app; sourceTree = BUILT_PRODUCTS_DIR; };
		992BD5C12BEE8F5A000F44FD /* Assets.xcassets */ = {isa = PBXFileReference; lastKnownFileType = folder.assetcatalog; path = Assets.xcassets; sourceTree = "<group>"; };
		992BD5C42BEE8F5A000F44FD /* Preview Assets.xcassets */ = {isa = PBXFileReference; lastKnownFileType = folder.assetcatalog; path = "Preview Assets.xcassets"; sourceTree = "<group>"; };
		9979D17A2BFEB46B00EF1F7F /* BackgroundView.swift */ = {isa = PBXFileReference; lastKnownFileType = sourcecode.swift; path = BackgroundView.swift; sourceTree = "<group>"; };
		99A087292C00AA4400C79CB6 /* GoogleService-Info.plist */ = {isa = PBXFileReference; fileEncoding = 4; lastKnownFileType = text.plist.xml; path = "GoogleService-Info.plist"; sourceTree = "<group>"; };
		99A0872B2C00B6E500C79CB6 /* AppDelegate.swift */ = {isa = PBXFileReference; lastKnownFileType = sourcecode.swift; path = AppDelegate.swift; sourceTree = "<group>"; };
		99A0872E2C0132D800C79CB6 /* LICENSE.txt */ = {isa = PBXFileReference; fileEncoding = 4; lastKnownFileType = text; path = LICENSE.txt; sourceTree = "<group>"; };
		99A0872F2C0132D800C79CB6 /* Roboto-Black.ttf */ = {isa = PBXFileReference; lastKnownFileType = file; path = "Roboto-Black.ttf"; sourceTree = "<group>"; };
		99A087302C0132D800C79CB6 /* Roboto-BlackItalic.ttf */ = {isa = PBXFileReference; lastKnownFileType = file; path = "Roboto-BlackItalic.ttf"; sourceTree = "<group>"; };
		99A087312C0132D800C79CB6 /* Roboto-Bold.ttf */ = {isa = PBXFileReference; lastKnownFileType = file; path = "Roboto-Bold.ttf"; sourceTree = "<group>"; };
		99A087322C0132D800C79CB6 /* Roboto-BoldItalic.ttf */ = {isa = PBXFileReference; lastKnownFileType = file; path = "Roboto-BoldItalic.ttf"; sourceTree = "<group>"; };
		99A087332C0132D800C79CB6 /* Roboto-Italic.ttf */ = {isa = PBXFileReference; lastKnownFileType = file; path = "Roboto-Italic.ttf"; sourceTree = "<group>"; };
		99A087342C0132D800C79CB6 /* Roboto-Light.ttf */ = {isa = PBXFileReference; lastKnownFileType = file; path = "Roboto-Light.ttf"; sourceTree = "<group>"; };
		99A087352C0132D800C79CB6 /* Roboto-LightItalic.ttf */ = {isa = PBXFileReference; lastKnownFileType = file; path = "Roboto-LightItalic.ttf"; sourceTree = "<group>"; };
		99A087362C0132D800C79CB6 /* Roboto-Medium.ttf */ = {isa = PBXFileReference; lastKnownFileType = file; path = "Roboto-Medium.ttf"; sourceTree = "<group>"; };
		99A087372C0132D800C79CB6 /* Roboto-MediumItalic.ttf */ = {isa = PBXFileReference; lastKnownFileType = file; path = "Roboto-MediumItalic.ttf"; sourceTree = "<group>"; };
		99A087382C0132D800C79CB6 /* Roboto-Regular.ttf */ = {isa = PBXFileReference; lastKnownFileType = file; path = "Roboto-Regular.ttf"; sourceTree = "<group>"; };
		99A087392C0132D800C79CB6 /* Roboto-Thin.ttf */ = {isa = PBXFileReference; lastKnownFileType = file; path = "Roboto-Thin.ttf"; sourceTree = "<group>"; };
		99A0873A2C0132D800C79CB6 /* Roboto-ThinItalic.ttf */ = {isa = PBXFileReference; lastKnownFileType = file; path = "Roboto-ThinItalic.ttf"; sourceTree = "<group>"; };
/* End PBXFileReference section */

/* Begin PBXFrameworksBuildPhase section */
		992BD5B72BEE8F59000F44FD /* Frameworks */ = {
			isa = PBXFrameworksBuildPhase;
			buildActionMask = 2147483647;
			files = (
				9979D1722BFEB27F00EF1F7F /* FirebaseDatabaseSwift in Frameworks */,
				9979D1702BFEB27F00EF1F7F /* FirebaseDatabase in Frameworks */,
				9979D16C2BFEB27F00EF1F7F /* FirebaseAnalyticsSwift in Frameworks */,
				9979D1782BFEB27F00EF1F7F /* FirebaseStorage in Frameworks */,
				9979D16E2BFEB27F00EF1F7F /* FirebaseAuth in Frameworks */,
				9979D1682BFEB1E700EF1F7F /* GoogleSignInSwift in Frameworks */,
				9979D1742BFEB27F00EF1F7F /* FirebaseFirestore in Frameworks */,
				9979D1662BFEB1E700EF1F7F /* GoogleSignIn in Frameworks */,
				9979D16A2BFEB27F00EF1F7F /* FirebaseAnalytics in Frameworks */,
				9979D1762BFEB27F00EF1F7F /* FirebaseFirestoreSwift in Frameworks */,
			);
			runOnlyForDeploymentPostprocessing = 0;
		};
/* End PBXFrameworksBuildPhase section */

/* Begin PBXGroup section */
		0A899A5C2C01527200B7FD5F /* Utils */ = {
			isa = PBXGroup;
			children = (
				0A899A602C01549D00B7FD5F /* Validator */,
				0A899A5D2C01527F00B7FD5F /* Enum */,
			);
			path = Utils;
			sourceTree = "<group>";
		};
		0A899A5D2C01527F00B7FD5F /* Enum */ = {
			isa = PBXGroup;
			children = (
				0A899A5E2C01532100B7FD5F /* FirestoreKeys.swift */,
			);
			path = Enum;
			sourceTree = "<group>";
		};
		0A899A602C01549D00B7FD5F /* Validator */ = {
			isa = PBXGroup;
			children = (
				0A899A612C0154BD00B7FD5F /* InvertextoAPI.swift */,
			);
			path = Validator;
			sourceTree = "<group>";
		};
		9908CF6E2BFC0EEE00F4962A /* Firebase */ = {
			isa = PBXGroup;
			children = (
				9908CF6C2BFC0EEE00F4962A /* FirebaseAuthActions.swift */,
				9908CF6D2BFC0EEE00F4962A /* FirestoreActions.swift */,
				99A0872B2C00B6E500C79CB6 /* AppDelegate.swift */,
			);
			path = Firebase;
			sourceTree = "<group>";
		};
		9908CF6F2BFC0EEE00F4962A /* Controller */ = {
			isa = PBXGroup;
			children = (
				9908CF6E2BFC0EEE00F4962A /* Firebase */,
			);
			path = Controller;
			sourceTree = "<group>";
		};
		9908CF752BFC0EF600F4962A /* Views */ = {
			isa = PBXGroup;
			children = (
				9908CF7B2BFC131A00F4962A /* ContentView.swift */,
				9908CF732BFC0EF600F4962A /* CoolvertApp.swift */,
				9908CF792BFC112100F4962A /* SignUpView.swift */,
			);
			path = Views;
			sourceTree = "<group>";
		};
		992BD5B12BEE8F59000F44FD = {
			isa = PBXGroup;
			children = (
				99A087292C00AA4400C79CB6 /* GoogleService-Info.plist */,
				992BD5BC2BEE8F59000F44FD /* Coolvert */,
				992BD5BB2BEE8F59000F44FD /* Products */,
			);
			sourceTree = "<group>";
		};
		992BD5BB2BEE8F59000F44FD /* Products */ = {
			isa = PBXGroup;
			children = (
				992BD5BA2BEE8F59000F44FD /* Coolvert.app */,
			);
			name = Products;
			sourceTree = "<group>";
		};
		992BD5BC2BEE8F59000F44FD /* Coolvert */ = {
			isa = PBXGroup;
			children = (
				0A899A5C2C01527200B7FD5F /* Utils */,
				9979D1792BFEB3A800EF1F7F /* Style */,
				9908CF752BFC0EF600F4962A /* Views */,
				9908CF6F2BFC0EEE00F4962A /* Controller */,
				992BD5C12BEE8F5A000F44FD /* Assets.xcassets */,
				992BD5C32BEE8F5A000F44FD /* Preview Content */,
			);
			path = Coolvert;
			sourceTree = "<group>";
		};
		992BD5C32BEE8F5A000F44FD /* Preview Content */ = {
			isa = PBXGroup;
			children = (
				992BD5C42BEE8F5A000F44FD /* Preview Assets.xcassets */,
			);
			path = "Preview Content";
			sourceTree = "<group>";
		};
		9979D1792BFEB3A800EF1F7F /* Style */ = {
			isa = PBXGroup;
			children = (
				99A0873B2C0132D800C79CB6 /* Roboto */,
				9979D17A2BFEB46B00EF1F7F /* BackgroundView.swift */,
			);
			path = Style;
			sourceTree = "<group>";
		};
		99A0873B2C0132D800C79CB6 /* Roboto */ = {
			isa = PBXGroup;
			children = (
				99A0872E2C0132D800C79CB6 /* LICENSE.txt */,
				99A0872F2C0132D800C79CB6 /* Roboto-Black.ttf */,
				99A087302C0132D800C79CB6 /* Roboto-BlackItalic.ttf */,
				99A087312C0132D800C79CB6 /* Roboto-Bold.ttf */,
				99A087322C0132D800C79CB6 /* Roboto-BoldItalic.ttf */,
				99A087332C0132D800C79CB6 /* Roboto-Italic.ttf */,
				99A087342C0132D800C79CB6 /* Roboto-Light.ttf */,
				99A087352C0132D800C79CB6 /* Roboto-LightItalic.ttf */,
				99A087362C0132D800C79CB6 /* Roboto-Medium.ttf */,
				99A087372C0132D800C79CB6 /* Roboto-MediumItalic.ttf */,
				99A087382C0132D800C79CB6 /* Roboto-Regular.ttf */,
				99A087392C0132D800C79CB6 /* Roboto-Thin.ttf */,
				99A0873A2C0132D800C79CB6 /* Roboto-ThinItalic.ttf */,
			);
			path = Roboto;
			sourceTree = "<group>";
		};
/* End PBXGroup section */

/* Begin PBXNativeTarget section */
		992BD5B92BEE8F59000F44FD /* Coolvert */ = {
			isa = PBXNativeTarget;
			buildConfigurationList = 992BD5C82BEE8F5A000F44FD /* Build configuration list for PBXNativeTarget "Coolvert" */;
			buildPhases = (
				992BD5B62BEE8F59000F44FD /* Sources */,
				992BD5B72BEE8F59000F44FD /* Frameworks */,
				992BD5B82BEE8F59000F44FD /* Resources */,
			);
			buildRules = (
			);
			dependencies = (
			);
			name = Coolvert;
			packageProductDependencies = (
				9979D1652BFEB1E700EF1F7F /* GoogleSignIn */,
				9979D1672BFEB1E700EF1F7F /* GoogleSignInSwift */,
				9979D1692BFEB27F00EF1F7F /* FirebaseAnalytics */,
				9979D16B2BFEB27F00EF1F7F /* FirebaseAnalyticsSwift */,
				9979D16D2BFEB27F00EF1F7F /* FirebaseAuth */,
				9979D16F2BFEB27F00EF1F7F /* FirebaseDatabase */,
				9979D1712BFEB27F00EF1F7F /* FirebaseDatabaseSwift */,
				9979D1732BFEB27F00EF1F7F /* FirebaseFirestore */,
				9979D1752BFEB27F00EF1F7F /* FirebaseFirestoreSwift */,
				9979D1772BFEB27F00EF1F7F /* FirebaseStorage */,
			);
			productName = Coolvert;
			productReference = 992BD5BA2BEE8F59000F44FD /* Coolvert.app */;
			productType = "com.apple.product-type.application";
		};
/* End PBXNativeTarget section */

/* Begin PBXProject section */
		992BD5B22BEE8F59000F44FD /* Project object */ = {
			isa = PBXProject;
			attributes = {
				BuildIndependentTargetsInParallel = 1;
				LastSwiftUpdateCheck = 1530;
				LastUpgradeCheck = 1530;
				TargetAttributes = {
					992BD5B92BEE8F59000F44FD = {
						CreatedOnToolsVersion = 15.3;
					};
				};
			};
			buildConfigurationList = 992BD5B52BEE8F59000F44FD /* Build configuration list for PBXProject "Coolvert" */;
			compatibilityVersion = "Xcode 14.0";
			developmentRegion = en;
			hasScannedForEncodings = 0;
			knownRegions = (
				en,
				Base,
			);
			mainGroup = 992BD5B12BEE8F59000F44FD;
			packageReferences = (
				992BD5CF2BF2D0A4000F44FD /* XCRemoteSwiftPackageReference "firebase-ios-sdk" */,
				9908CF7D2BFC178400F4962A /* XCRemoteSwiftPackageReference "SwiftSVG" */,
				9908CF812BFC211400F4962A /* XCRemoteSwiftPackageReference "SVGKit" */,
				9979D1642BFEB1E700EF1F7F /* XCRemoteSwiftPackageReference "GoogleSignIn-iOS" */,
			);
			productRefGroup = 992BD5BB2BEE8F59000F44FD /* Products */;
			projectDirPath = "";
			projectRoot = "";
			targets = (
				992BD5B92BEE8F59000F44FD /* Coolvert */,
			);
		};
/* End PBXProject section */

/* Begin PBXResourcesBuildPhase section */
		992BD5B82BEE8F59000F44FD /* Resources */ = {
			isa = PBXResourcesBuildPhase;
			buildActionMask = 2147483647;
			files = (
				99A087482C0132D800C79CB6 /* Roboto-Thin.ttf in Resources */,
				99A087452C0132D800C79CB6 /* Roboto-Medium.ttf in Resources */,
				99A087412C0132D800C79CB6 /* Roboto-BoldItalic.ttf in Resources */,
				99A087442C0132D800C79CB6 /* Roboto-LightItalic.ttf in Resources */,
				99A087462C0132D800C79CB6 /* Roboto-MediumItalic.ttf in Resources */,
				992BD5C52BEE8F5A000F44FD /* Preview Assets.xcassets in Resources */,
				99A087432C0132D800C79CB6 /* Roboto-Light.ttf in Resources */,
				99A0872A2C00AA4400C79CB6 /* GoogleService-Info.plist in Resources */,
				99A0873F2C0132D800C79CB6 /* Roboto-BlackItalic.ttf in Resources */,
				99A087492C0132D800C79CB6 /* Roboto-ThinItalic.ttf in Resources */,
				99A0873D2C0132D800C79CB6 /* LICENSE.txt in Resources */,
				9908CF862BFC228600F4962A /* Assets.xcassets in Resources */,
				99A087422C0132D800C79CB6 /* Roboto-Italic.ttf in Resources */,
				99A087472C0132D800C79CB6 /* Roboto-Regular.ttf in Resources */,
				99A087402C0132D800C79CB6 /* Roboto-Bold.ttf in Resources */,
				99A0873E2C0132D800C79CB6 /* Roboto-Black.ttf in Resources */,
			);
			runOnlyForDeploymentPostprocessing = 0;
		};
/* End PBXResourcesBuildPhase section */

/* Begin PBXSourcesBuildPhase section */
		992BD5B62BEE8F59000F44FD /* Sources */ = {
			isa = PBXSourcesBuildPhase;
			buildActionMask = 2147483647;
			files = (
				9908CF702BFC0EEE00F4962A /* FirebaseAuthActions.swift in Sources */,
				9908CF7A2BFC112100F4962A /* SignUpView.swift in Sources */,
				9908CF7C2BFC131A00F4962A /* ContentView.swift in Sources */,
				9979D17B2BFEB46B00EF1F7F /* BackgroundView.swift in Sources */,
				99A0872C2C00B6E500C79CB6 /* AppDelegate.swift in Sources */,
				0A899A5F2C01532100B7FD5F /* FirestoreKeys.swift in Sources */,
				9908CF712BFC0EEE00F4962A /* FirestoreActions.swift in Sources */,
				9908CF772BFC0EF600F4962A /* CoolvertApp.swift in Sources */,
				0A899A622C0154BD00B7FD5F /* InvertextoAPI.swift in Sources */,
			);
			runOnlyForDeploymentPostprocessing = 0;
		};
/* End PBXSourcesBuildPhase section */

/* Begin XCBuildConfiguration section */
		992BD5C62BEE8F5A000F44FD /* Debug */ = {
			isa = XCBuildConfiguration;
			buildSettings = {
				ALWAYS_SEARCH_USER_PATHS = NO;
				ASSETCATALOG_COMPILER_GENERATE_SWIFT_ASSET_SYMBOL_EXTENSIONS = YES;
				CLANG_ANALYZER_NONNULL = YES;
				CLANG_ANALYZER_NUMBER_OBJECT_CONVERSION = YES_AGGRESSIVE;
				CLANG_CXX_LANGUAGE_STANDARD = "gnu++20";
				CLANG_ENABLE_MODULES = YES;
				CLANG_ENABLE_OBJC_ARC = YES;
				CLANG_ENABLE_OBJC_WEAK = YES;
				CLANG_WARN_BLOCK_CAPTURE_AUTORELEASING = YES;
				CLANG_WARN_BOOL_CONVERSION = YES;
				CLANG_WARN_COMMA = YES;
				CLANG_WARN_CONSTANT_CONVERSION = YES;
				CLANG_WARN_DEPRECATED_OBJC_IMPLEMENTATIONS = YES;
				CLANG_WARN_DIRECT_OBJC_ISA_USAGE = YES_ERROR;
				CLANG_WARN_DOCUMENTATION_COMMENTS = YES;
				CLANG_WARN_EMPTY_BODY = YES;
				CLANG_WARN_ENUM_CONVERSION = YES;
				CLANG_WARN_INFINITE_RECURSION = YES;
				CLANG_WARN_INT_CONVERSION = YES;
				CLANG_WARN_NON_LITERAL_NULL_CONVERSION = YES;
				CLANG_WARN_OBJC_IMPLICIT_RETAIN_SELF = YES;
				CLANG_WARN_OBJC_LITERAL_CONVERSION = YES;
				CLANG_WARN_OBJC_ROOT_CLASS = YES_ERROR;
				CLANG_WARN_QUOTED_INCLUDE_IN_FRAMEWORK_HEADER = YES;
				CLANG_WARN_RANGE_LOOP_ANALYSIS = YES;
				CLANG_WARN_STRICT_PROTOTYPES = YES;
				CLANG_WARN_SUSPICIOUS_MOVE = YES;
				CLANG_WARN_UNGUARDED_AVAILABILITY = YES_AGGRESSIVE;
				CLANG_WARN_UNREACHABLE_CODE = YES;
				CLANG_WARN__DUPLICATE_METHOD_MATCH = YES;
				COPY_PHASE_STRIP = NO;
				DEBUG_INFORMATION_FORMAT = dwarf;
				ENABLE_STRICT_OBJC_MSGSEND = YES;
				ENABLE_TESTABILITY = YES;
				ENABLE_USER_SCRIPT_SANDBOXING = YES;
				GCC_C_LANGUAGE_STANDARD = gnu17;
				GCC_DYNAMIC_NO_PIC = NO;
				GCC_NO_COMMON_BLOCKS = YES;
				GCC_OPTIMIZATION_LEVEL = 0;
				GCC_PREPROCESSOR_DEFINITIONS = (
					"DEBUG=1",
					"$(inherited)",
				);
				GCC_WARN_64_TO_32_BIT_CONVERSION = YES;
				GCC_WARN_ABOUT_RETURN_TYPE = YES_ERROR;
				GCC_WARN_UNDECLARED_SELECTOR = YES;
				GCC_WARN_UNINITIALIZED_AUTOS = YES_AGGRESSIVE;
				GCC_WARN_UNUSED_FUNCTION = YES;
				GCC_WARN_UNUSED_VARIABLE = YES;
				IPHONEOS_DEPLOYMENT_TARGET = 17.4;
				LOCALIZATION_PREFERS_STRING_CATALOGS = YES;
				MTL_ENABLE_DEBUG_INFO = INCLUDE_SOURCE;
				MTL_FAST_MATH = YES;
				ONLY_ACTIVE_ARCH = YES;
				SDKROOT = iphoneos;
				SWIFT_ACTIVE_COMPILATION_CONDITIONS = "DEBUG $(inherited)";
				SWIFT_OPTIMIZATION_LEVEL = "-Onone";
			};
			name = Debug;
		};
		992BD5C72BEE8F5A000F44FD /* Release */ = {
			isa = XCBuildConfiguration;
			buildSettings = {
				ALWAYS_SEARCH_USER_PATHS = NO;
				ASSETCATALOG_COMPILER_GENERATE_SWIFT_ASSET_SYMBOL_EXTENSIONS = YES;
				CLANG_ANALYZER_NONNULL = YES;
				CLANG_ANALYZER_NUMBER_OBJECT_CONVERSION = YES_AGGRESSIVE;
				CLANG_CXX_LANGUAGE_STANDARD = "gnu++20";
				CLANG_ENABLE_MODULES = YES;
				CLANG_ENABLE_OBJC_ARC = YES;
				CLANG_ENABLE_OBJC_WEAK = YES;
				CLANG_WARN_BLOCK_CAPTURE_AUTORELEASING = YES;
				CLANG_WARN_BOOL_CONVERSION = YES;
				CLANG_WARN_COMMA = YES;
				CLANG_WARN_CONSTANT_CONVERSION = YES;
				CLANG_WARN_DEPRECATED_OBJC_IMPLEMENTATIONS = YES;
				CLANG_WARN_DIRECT_OBJC_ISA_USAGE = YES_ERROR;
				CLANG_WARN_DOCUMENTATION_COMMENTS = YES;
				CLANG_WARN_EMPTY_BODY = YES;
				CLANG_WARN_ENUM_CONVERSION = YES;
				CLANG_WARN_INFINITE_RECURSION = YES;
				CLANG_WARN_INT_CONVERSION = YES;
				CLANG_WARN_NON_LITERAL_NULL_CONVERSION = YES;
				CLANG_WARN_OBJC_IMPLICIT_RETAIN_SELF = YES;
				CLANG_WARN_OBJC_LITERAL_CONVERSION = YES;
				CLANG_WARN_OBJC_ROOT_CLASS = YES_ERROR;
				CLANG_WARN_QUOTED_INCLUDE_IN_FRAMEWORK_HEADER = YES;
				CLANG_WARN_RANGE_LOOP_ANALYSIS = YES;
				CLANG_WARN_STRICT_PROTOTYPES = YES;
				CLANG_WARN_SUSPICIOUS_MOVE = YES;
				CLANG_WARN_UNGUARDED_AVAILABILITY = YES_AGGRESSIVE;
				CLANG_WARN_UNREACHABLE_CODE = YES;
				CLANG_WARN__DUPLICATE_METHOD_MATCH = YES;
				COPY_PHASE_STRIP = NO;
				DEBUG_INFORMATION_FORMAT = "dwarf-with-dsym";
				ENABLE_NS_ASSERTIONS = NO;
				ENABLE_STRICT_OBJC_MSGSEND = YES;
				ENABLE_USER_SCRIPT_SANDBOXING = YES;
				GCC_C_LANGUAGE_STANDARD = gnu17;
				GCC_NO_COMMON_BLOCKS = YES;
				GCC_WARN_64_TO_32_BIT_CONVERSION = YES;
				GCC_WARN_ABOUT_RETURN_TYPE = YES_ERROR;
				GCC_WARN_UNDECLARED_SELECTOR = YES;
				GCC_WARN_UNINITIALIZED_AUTOS = YES_AGGRESSIVE;
				GCC_WARN_UNUSED_FUNCTION = YES;
				GCC_WARN_UNUSED_VARIABLE = YES;
				IPHONEOS_DEPLOYMENT_TARGET = 17.4;
				LOCALIZATION_PREFERS_STRING_CATALOGS = YES;
				MTL_ENABLE_DEBUG_INFO = NO;
				MTL_FAST_MATH = YES;
				SDKROOT = iphoneos;
				SWIFT_COMPILATION_MODE = wholemodule;
				VALIDATE_PRODUCT = YES;
			};
			name = Release;
		};
		992BD5C92BEE8F5A000F44FD /* Debug */ = {
			isa = XCBuildConfiguration;
			buildSettings = {
				ASSETCATALOG_COMPILER_APPICON_NAME = AppIcon;
				ASSETCATALOG_COMPILER_GLOBAL_ACCENT_COLOR_NAME = AccentColor;
				CODE_SIGN_STYLE = Automatic;
				CURRENT_PROJECT_VERSION = 1;
				DEVELOPMENT_ASSET_PATHS = "\"Coolvert/Preview Content\"";
				DEVELOPMENT_TEAM = W47693FP4B;
				ENABLE_PREVIEWS = YES;
				GENERATE_INFOPLIST_FILE = YES;
				INFOPLIST_FILE = Coolvert/Info.plist;
				INFOPLIST_KEY_UIApplicationSceneManifest_Generation = YES;
				INFOPLIST_KEY_UIApplicationSupportsIndirectInputEvents = YES;
				INFOPLIST_KEY_UILaunchScreen_Generation = YES;
				INFOPLIST_KEY_UISupportedInterfaceOrientations_iPad = "UIInterfaceOrientationPortrait UIInterfaceOrientationPortraitUpsideDown UIInterfaceOrientationLandscapeLeft UIInterfaceOrientationLandscapeRight";
				INFOPLIST_KEY_UISupportedInterfaceOrientations_iPhone = "UIInterfaceOrientationPortrait UIInterfaceOrientationLandscapeLeft UIInterfaceOrientationLandscapeRight";
				LD_RUNPATH_SEARCH_PATHS = (
					"$(inherited)",
					"@executable_path/Frameworks",
				);
				MARKETING_VERSION = 1.0;
				PRODUCT_BUNDLE_IDENTIFIER = Alysson.Reis.test.Coolvert;
				PRODUCT_NAME = "$(TARGET_NAME)";
				SWIFT_EMIT_LOC_STRINGS = YES;
				SWIFT_VERSION = 5.0;
				TARGETED_DEVICE_FAMILY = "1,2";
			};
			name = Debug;
		};
		992BD5CA2BEE8F5A000F44FD /* Release */ = {
			isa = XCBuildConfiguration;
			buildSettings = {
				ASSETCATALOG_COMPILER_APPICON_NAME = AppIcon;
				ASSETCATALOG_COMPILER_GLOBAL_ACCENT_COLOR_NAME = AccentColor;
				CODE_SIGN_STYLE = Automatic;
				CURRENT_PROJECT_VERSION = 1;
				DEVELOPMENT_ASSET_PATHS = "\"Coolvert/Preview Content\"";
				DEVELOPMENT_TEAM = W47693FP4B;
				ENABLE_PREVIEWS = YES;
				GENERATE_INFOPLIST_FILE = YES;
				INFOPLIST_FILE = Coolvert/Info.plist;
				INFOPLIST_KEY_UIApplicationSceneManifest_Generation = YES;
				INFOPLIST_KEY_UIApplicationSupportsIndirectInputEvents = YES;
				INFOPLIST_KEY_UILaunchScreen_Generation = YES;
				INFOPLIST_KEY_UISupportedInterfaceOrientations_iPad = "UIInterfaceOrientationPortrait UIInterfaceOrientationPortraitUpsideDown UIInterfaceOrientationLandscapeLeft UIInterfaceOrientationLandscapeRight";
				INFOPLIST_KEY_UISupportedInterfaceOrientations_iPhone = "UIInterfaceOrientationPortrait UIInterfaceOrientationLandscapeLeft UIInterfaceOrientationLandscapeRight";
				LD_RUNPATH_SEARCH_PATHS = (
					"$(inherited)",
					"@executable_path/Frameworks",
				);
				MARKETING_VERSION = 1.0;
				PRODUCT_BUNDLE_IDENTIFIER = Alysson.Reis.test.Coolvert;
				PRODUCT_NAME = "$(TARGET_NAME)";
				SWIFT_EMIT_LOC_STRINGS = YES;
				SWIFT_VERSION = 5.0;
				TARGETED_DEVICE_FAMILY = "1,2";
			};
			name = Release;
		};
/* End XCBuildConfiguration section */

/* Begin XCConfigurationList section */
		992BD5B52BEE8F59000F44FD /* Build configuration list for PBXProject "Coolvert" */ = {
			isa = XCConfigurationList;
			buildConfigurations = (
				992BD5C62BEE8F5A000F44FD /* Debug */,
				992BD5C72BEE8F5A000F44FD /* Release */,
			);
			defaultConfigurationIsVisible = 0;
			defaultConfigurationName = Release;
		};
		992BD5C82BEE8F5A000F44FD /* Build configuration list for PBXNativeTarget "Coolvert" */ = {
			isa = XCConfigurationList;
			buildConfigurations = (
				992BD5C92BEE8F5A000F44FD /* Debug */,
				992BD5CA2BEE8F5A000F44FD /* Release */,
			);
			defaultConfigurationIsVisible = 0;
			defaultConfigurationName = Release;
		};
/* End XCConfigurationList section */

/* Begin XCRemoteSwiftPackageReference section */
		9908CF7D2BFC178400F4962A /* XCRemoteSwiftPackageReference "SwiftSVG" */ = {
			isa = XCRemoteSwiftPackageReference;
			repositoryURL = "https://github.com/mchoe/SwiftSVG";
			requirement = {
				branch = master;
				kind = branch;
			};
		};
		9908CF812BFC211400F4962A /* XCRemoteSwiftPackageReference "SVGKit" */ = {
			isa = XCRemoteSwiftPackageReference;
			repositoryURL = "https://github.com/SVGKit/SVGKit";
			requirement = {
				kind = upToNextMajorVersion;
				minimumVersion = 3.0.0;
			};
		};
		992BD5CF2BF2D0A4000F44FD /* XCRemoteSwiftPackageReference "firebase-ios-sdk" */ = {
			isa = XCRemoteSwiftPackageReference;
			repositoryURL = "https://github.com/firebase/firebase-ios-sdk";
			requirement = {
				kind = upToNextMajorVersion;
				minimumVersion = 10.26.0;
			};
		};
		9979D1642BFEB1E700EF1F7F /* XCRemoteSwiftPackageReference "GoogleSignIn-iOS" */ = {
			isa = XCRemoteSwiftPackageReference;
			repositoryURL = "https://github.com/google/GoogleSignIn-iOS";
			requirement = {
				kind = upToNextMajorVersion;
				minimumVersion = 7.1.0;
			};
		};
/* End XCRemoteSwiftPackageReference section */

/* Begin XCSwiftPackageProductDependency section */
		9979D1652BFEB1E700EF1F7F /* GoogleSignIn */ = {
			isa = XCSwiftPackageProductDependency;
			package = 9979D1642BFEB1E700EF1F7F /* XCRemoteSwiftPackageReference "GoogleSignIn-iOS" */;
			productName = GoogleSignIn;
		};
		9979D1672BFEB1E700EF1F7F /* GoogleSignInSwift */ = {
			isa = XCSwiftPackageProductDependency;
			package = 9979D1642BFEB1E700EF1F7F /* XCRemoteSwiftPackageReference "GoogleSignIn-iOS" */;
			productName = GoogleSignInSwift;
		};
		9979D1692BFEB27F00EF1F7F /* FirebaseAnalytics */ = {
			isa = XCSwiftPackageProductDependency;
			package = 992BD5CF2BF2D0A4000F44FD /* XCRemoteSwiftPackageReference "firebase-ios-sdk" */;
			productName = FirebaseAnalytics;
		};
		9979D16B2BFEB27F00EF1F7F /* FirebaseAnalyticsSwift */ = {
			isa = XCSwiftPackageProductDependency;
			package = 992BD5CF2BF2D0A4000F44FD /* XCRemoteSwiftPackageReference "firebase-ios-sdk" */;
			productName = FirebaseAnalyticsSwift;
		};
		9979D16D2BFEB27F00EF1F7F /* FirebaseAuth */ = {
			isa = XCSwiftPackageProductDependency;
			package = 992BD5CF2BF2D0A4000F44FD /* XCRemoteSwiftPackageReference "firebase-ios-sdk" */;
			productName = FirebaseAuth;
		};
		9979D16F2BFEB27F00EF1F7F /* FirebaseDatabase */ = {
			isa = XCSwiftPackageProductDependency;
			package = 992BD5CF2BF2D0A4000F44FD /* XCRemoteSwiftPackageReference "firebase-ios-sdk" */;
			productName = FirebaseDatabase;
		};
		9979D1712BFEB27F00EF1F7F /* FirebaseDatabaseSwift */ = {
			isa = XCSwiftPackageProductDependency;
			package = 992BD5CF2BF2D0A4000F44FD /* XCRemoteSwiftPackageReference "firebase-ios-sdk" */;
			productName = FirebaseDatabaseSwift;
		};
		9979D1732BFEB27F00EF1F7F /* FirebaseFirestore */ = {
			isa = XCSwiftPackageProductDependency;
			package = 992BD5CF2BF2D0A4000F44FD /* XCRemoteSwiftPackageReference "firebase-ios-sdk" */;
			productName = FirebaseFirestore;
		};
		9979D1752BFEB27F00EF1F7F /* FirebaseFirestoreSwift */ = {
			isa = XCSwiftPackageProductDependency;
			package = 992BD5CF2BF2D0A4000F44FD /* XCRemoteSwiftPackageReference "firebase-ios-sdk" */;
			productName = FirebaseFirestoreSwift;
		};
		9979D1772BFEB27F00EF1F7F /* FirebaseStorage */ = {
			isa = XCSwiftPackageProductDependency;
			package = 992BD5CF2BF2D0A4000F44FD /* XCRemoteSwiftPackageReference "firebase-ios-sdk" */;
			productName = FirebaseStorage;
		};
/* End XCSwiftPackageProductDependency section */
	};
	rootObject = 992BD5B22BEE8F59000F44FD /* Project object */;
}
