// !$*UTF8*$!
{
	archiveVersion = 1;
	classes = {
	};
	objectVersion = 56;
	objects = {

/* Begin PBXBuildFile section */
		9908CF702BFC0EEE00F4962A /* FirebaseAuthActions.swift in Sources */ = {isa = PBXBuildFile; fileRef = 9908CF6C2BFC0EEE00F4962A /* FirebaseAuthActions.swift */; };
		9908CF712BFC0EEE00F4962A /* FirestoreActions.swift in Sources */ = {isa = PBXBuildFile; fileRef = 9908CF6D2BFC0EEE00F4962A /* FirestoreActions.swift */; };
		9908CF772BFC0EF600F4962A /* CoolvertApp.swift in Sources */ = {isa = PBXBuildFile; fileRef = 9908CF732BFC0EF600F4962A /* CoolvertApp.swift */; };
		9908CF782BFC0EF600F4962A /* SignInView.swift in Sources */ = {isa = PBXBuildFile; fileRef = 9908CF742BFC0EF600F4962A /* SignInView.swift */; };
		9908CF7A2BFC112100F4962A /* SignUpView.swift in Sources */ = {isa = PBXBuildFile; fileRef = 9908CF792BFC112100F4962A /* SignUpView.swift */; };
		9908CF7C2BFC131A00F4962A /* ContentView.swift in Sources */ = {isa = PBXBuildFile; fileRef = 9908CF7B2BFC131A00F4962A /* ContentView.swift */; };
		9908CF7F2BFC178400F4962A /* SwiftSVG in Frameworks */ = {isa = PBXBuildFile; productRef = 9908CF7E2BFC178400F4962A /* SwiftSVG */; };
		9908CF832BFC211400F4962A /* SVGKit in Frameworks */ = {isa = PBXBuildFile; productRef = 9908CF822BFC211400F4962A /* SVGKit */; };
		9908CF852BFC211400F4962A /* SVGKitSwift in Frameworks */ = {isa = PBXBuildFile; productRef = 9908CF842BFC211400F4962A /* SVGKitSwift */; };
		9908CF862BFC228600F4962A /* Assets.xcassets in Resources */ = {isa = PBXBuildFile; fileRef = 992BD5C12BEE8F5A000F44FD /* Assets.xcassets */; };
		992BD5C52BEE8F5A000F44FD /* Preview Assets.xcassets in Resources */ = {isa = PBXBuildFile; fileRef = 992BD5C42BEE8F5A000F44FD /* Preview Assets.xcassets */; };
		992BD5CE2BF2CF5F000F44FD /* GoogleService-Info.plist in Resources */ = {isa = PBXBuildFile; fileRef = 992BD5CD2BF2CF5F000F44FD /* GoogleService-Info.plist */; };
		992BD5D12BF2D0A4000F44FD /* FirebaseAnalytics in Frameworks */ = {isa = PBXBuildFile; productRef = 992BD5D02BF2D0A4000F44FD /* FirebaseAnalytics */; };
		992BD5D32BF2D0A4000F44FD /* FirebaseAuth in Frameworks */ = {isa = PBXBuildFile; productRef = 992BD5D22BF2D0A4000F44FD /* FirebaseAuth */; };
		992BD5D52BF2D0A4000F44FD /* FirebaseFirestore in Frameworks */ = {isa = PBXBuildFile; productRef = 992BD5D42BF2D0A4000F44FD /* FirebaseFirestore */; };
		992BD5D72BF2D0A4000F44FD /* FirebaseStorage in Frameworks */ = {isa = PBXBuildFile; productRef = 992BD5D62BF2D0A4000F44FD /* FirebaseStorage */; };
/* End PBXBuildFile section */

/* Begin PBXFileReference section */
		9908CF6C2BFC0EEE00F4962A /* FirebaseAuthActions.swift */ = {isa = PBXFileReference; fileEncoding = 4; lastKnownFileType = sourcecode.swift; path = FirebaseAuthActions.swift; sourceTree = "<group>"; };
		9908CF6D2BFC0EEE00F4962A /* FirestoreActions.swift */ = {isa = PBXFileReference; fileEncoding = 4; lastKnownFileType = sourcecode.swift; path = FirestoreActions.swift; sourceTree = "<group>"; };
		9908CF732BFC0EF600F4962A /* CoolvertApp.swift */ = {isa = PBXFileReference; fileEncoding = 4; lastKnownFileType = sourcecode.swift; path = CoolvertApp.swift; sourceTree = "<group>"; };
		9908CF742BFC0EF600F4962A /* SignInView.swift */ = {isa = PBXFileReference; fileEncoding = 4; lastKnownFileType = sourcecode.swift; path = SignInView.swift; sourceTree = "<group>"; };
		9908CF792BFC112100F4962A /* SignUpView.swift */ = {isa = PBXFileReference; lastKnownFileType = sourcecode.swift; path = SignUpView.swift; sourceTree = "<group>"; };
		9908CF7B2BFC131A00F4962A /* ContentView.swift */ = {isa = PBXFileReference; fileEncoding = 4; lastKnownFileType = sourcecode.swift; path = ContentView.swift; sourceTree = "<group>"; };
		992BD5BA2BEE8F59000F44FD /* Coolvert.app */ = {isa = PBXFileReference; explicitFileType = wrapper.application; includeInIndex = 0; path = Coolvert.app; sourceTree = BUILT_PRODUCTS_DIR; };
		992BD5C12BEE8F5A000F44FD /* Assets.xcassets */ = {isa = PBXFileReference; lastKnownFileType = folder.assetcatalog; path = Assets.xcassets; sourceTree = "<group>"; };
		992BD5C42BEE8F5A000F44FD /* Preview Assets.xcassets */ = {isa = PBXFileReference; lastKnownFileType = folder.assetcatalog; path = "Preview Assets.xcassets"; sourceTree = "<group>"; };
		992BD5CD2BF2CF5F000F44FD /* GoogleService-Info.plist */ = {isa = PBXFileReference; fileEncoding = 4; lastKnownFileType = text.plist.xml; path = "GoogleService-Info.plist"; sourceTree = "<group>"; };
/* End PBXFileReference section */

/* Begin PBXFrameworksBuildPhase section */
		992BD5B72BEE8F59000F44FD /* Frameworks */ = {
			isa = PBXFrameworksBuildPhase;
			buildActionMask = 2147483647;
			files = (
				9908CF832BFC211400F4962A /* SVGKit in Frameworks */,
				9908CF7F2BFC178400F4962A /* SwiftSVG in Frameworks */,
				992BD5D12BF2D0A4000F44FD /* FirebaseAnalytics in Frameworks */,
				992BD5D72BF2D0A4000F44FD /* FirebaseStorage in Frameworks */,
				9908CF852BFC211400F4962A /* SVGKitSwift in Frameworks */,
				992BD5D32BF2D0A4000F44FD /* FirebaseAuth in Frameworks */,
				992BD5D52BF2D0A4000F44FD /* FirebaseFirestore in Frameworks */,
			);
			runOnlyForDeploymentPostprocessing = 0;
		};
/* End PBXFrameworksBuildPhase section */

/* Begin PBXGroup section */
		9908CF6E2BFC0EEE00F4962A /* Firebase */ = {
			isa = PBXGroup;
			children = (
				9908CF6C2BFC0EEE00F4962A /* FirebaseAuthActions.swift */,
				9908CF6D2BFC0EEE00F4962A /* FirestoreActions.swift */,
			);
			path = Firebase;
			sourceTree = "<group>";
		};
		9908CF6F2BFC0EEE00F4962A /* Controller */ = {
			isa = PBXGroup;
			children = (
				9908CF6E2BFC0EEE00F4962A /* Firebase */,
			);
			path = Controller;
			sourceTree = "<group>";
		};
		9908CF752BFC0EF600F4962A /* Views */ = {
			isa = PBXGroup;
			children = (
				9908CF7B2BFC131A00F4962A /* ContentView.swift */,
				9908CF732BFC0EF600F4962A /* CoolvertApp.swift */,
				9908CF742BFC0EF600F4962A /* SignInView.swift */,
				9908CF792BFC112100F4962A /* SignUpView.swift */,
			);
			path = Views;
			sourceTree = "<group>";
		};
		9908CF872BFCEF9200F4962A /* Style */ = {
			isa = PBXGroup;
			children = (
			);
			path = Style;
			sourceTree = "<group>";
		};
		992BD5B12BEE8F59000F44FD = {
			isa = PBXGroup;
			children = (
				992BD5CD2BF2CF5F000F44FD /* GoogleService-Info.plist */,
				992BD5BC2BEE8F59000F44FD /* Coolvert */,
				992BD5BB2BEE8F59000F44FD /* Products */,
			);
			sourceTree = "<group>";
		};
		992BD5BB2BEE8F59000F44FD /* Products */ = {
			isa = PBXGroup;
			children = (
				992BD5BA2BEE8F59000F44FD /* Coolvert.app */,
			);
			name = Products;
			sourceTree = "<group>";
		};
		992BD5BC2BEE8F59000F44FD /* Coolvert */ = {
			isa = PBXGroup;
			children = (
				9908CF872BFCEF9200F4962A /* Style */,
				9908CF752BFC0EF600F4962A /* Views */,
				9908CF6F2BFC0EEE00F4962A /* Controller */,
				992BD5C12BEE8F5A000F44FD /* Assets.xcassets */,
				992BD5C32BEE8F5A000F44FD /* Preview Content */,
			);
			path = Coolvert;
			sourceTree = "<group>";
		};
		992BD5C32BEE8F5A000F44FD /* Preview Content */ = {
			isa = PBXGroup;
			children = (
				992BD5C42BEE8F5A000F44FD /* Preview Assets.xcassets */,
			);
			path = "Preview Content";
			sourceTree = "<group>";
		};
/* End PBXGroup section */

/* Begin PBXNativeTarget section */
		992BD5B92BEE8F59000F44FD /* Coolvert */ = {
			isa = PBXNativeTarget;
			buildConfigurationList = 992BD5C82BEE8F5A000F44FD /* Build configuration list for PBXNativeTarget "Coolvert" */;
			buildPhases = (
				992BD5B62BEE8F59000F44FD /* Sources */,
				992BD5B72BEE8F59000F44FD /* Frameworks */,
				992BD5B82BEE8F59000F44FD /* Resources */,
			);
			buildRules = (
			);
			dependencies = (
			);
			name = Coolvert;
			packageProductDependencies = (
				992BD5D02BF2D0A4000F44FD /* FirebaseAnalytics */,
				992BD5D22BF2D0A4000F44FD /* FirebaseAuth */,
				992BD5D42BF2D0A4000F44FD /* FirebaseFirestore */,
				992BD5D62BF2D0A4000F44FD /* FirebaseStorage */,
				9908CF7E2BFC178400F4962A /* SwiftSVG */,
				9908CF822BFC211400F4962A /* SVGKit */,
				9908CF842BFC211400F4962A /* SVGKitSwift */,
			);
			productName = Coolvert;
			productReference = 992BD5BA2BEE8F59000F44FD /* Coolvert.app */;
			productType = "com.apple.product-type.application";
		};
/* End PBXNativeTarget section */

/* Begin PBXProject section */
		992BD5B22BEE8F59000F44FD /* Project object */ = {
			isa = PBXProject;
			attributes = {
				BuildIndependentTargetsInParallel = 1;
				LastSwiftUpdateCheck = 1530;
				LastUpgradeCheck = 1530;
				TargetAttributes = {
					992BD5B92BEE8F59000F44FD = {
						CreatedOnToolsVersion = 15.3;
					};
				};
			};
			buildConfigurationList = 992BD5B52BEE8F59000F44FD /* Build configuration list for PBXProject "Coolvert" */;
			compatibilityVersion = "Xcode 14.0";
			developmentRegion = en;
			hasScannedForEncodings = 0;
			knownRegions = (
				en,
				Base,
			);
			mainGroup = 992BD5B12BEE8F59000F44FD;
			packageReferences = (
				992BD5CF2BF2D0A4000F44FD /* XCRemoteSwiftPackageReference "firebase-ios-sdk" */,
				9908CF7D2BFC178400F4962A /* XCRemoteSwiftPackageReference "SwiftSVG" */,
				9908CF812BFC211400F4962A /* XCRemoteSwiftPackageReference "SVGKit" */,
			);
			productRefGroup = 992BD5BB2BEE8F59000F44FD /* Products */;
			projectDirPath = "";
			projectRoot = "";
			targets = (
				992BD5B92BEE8F59000F44FD /* Coolvert */,
			);
		};
/* End PBXProject section */

/* Begin PBXResourcesBuildPhase section */
		992BD5B82BEE8F59000F44FD /* Resources */ = {
			isa = PBXResourcesBuildPhase;
			buildActionMask = 2147483647;
			files = (
				992BD5C52BEE8F5A000F44FD /* Preview Assets.xcassets in Resources */,
				9908CF862BFC228600F4962A /* Assets.xcassets in Resources */,
				992BD5CE2BF2CF5F000F44FD /* GoogleService-Info.plist in Resources */,
			);
			runOnlyForDeploymentPostprocessing = 0;
		};
/* End PBXResourcesBuildPhase section */

/* Begin PBXSourcesBuildPhase section */
		992BD5B62BEE8F59000F44FD /* Sources */ = {
			isa = PBXSourcesBuildPhase;
			buildActionMask = 2147483647;
			files = (
				9908CF702BFC0EEE00F4962A /* FirebaseAuthActions.swift in Sources */,
				9908CF7A2BFC112100F4962A /* SignUpView.swift in Sources */,
				9908CF7C2BFC131A00F4962A /* ContentView.swift in Sources */,
				9908CF712BFC0EEE00F4962A /* FirestoreActions.swift in Sources */,
				9908CF782BFC0EF600F4962A /* SignInView.swift in Sources */,
				9908CF772BFC0EF600F4962A /* CoolvertApp.swift in Sources */,
			);
			runOnlyForDeploymentPostprocessing = 0;
		};
/* End PBXSourcesBuildPhase section */

/* Begin XCBuildConfiguration section */
		992BD5C62BEE8F5A000F44FD /* Debug */ = {
			isa = XCBuildConfiguration;
			buildSettings = {
				ALWAYS_SEARCH_USER_PATHS = NO;
				ASSETCATALOG_COMPILER_GENERATE_SWIFT_ASSET_SYMBOL_EXTENSIONS = YES;
				CLANG_ANALYZER_NONNULL = YES;
				CLANG_ANALYZER_NUMBER_OBJECT_CONVERSION = YES_AGGRESSIVE;
				CLANG_CXX_LANGUAGE_STANDARD = "gnu++20";
				CLANG_ENABLE_MODULES = YES;
				CLANG_ENABLE_OBJC_ARC = YES;
				CLANG_ENABLE_OBJC_WEAK = YES;
				CLANG_WARN_BLOCK_CAPTURE_AUTORELEASING = YES;
				CLANG_WARN_BOOL_CONVERSION = YES;
				CLANG_WARN_COMMA = YES;
				CLANG_WARN_CONSTANT_CONVERSION = YES;
				CLANG_WARN_DEPRECATED_OBJC_IMPLEMENTATIONS = YES;
				CLANG_WARN_DIRECT_OBJC_ISA_USAGE = YES_ERROR;
				CLANG_WARN_DOCUMENTATION_COMMENTS = YES;
				CLANG_WARN_EMPTY_BODY = YES;
				CLANG_WARN_ENUM_CONVERSION = YES;
				CLANG_WARN_INFINITE_RECURSION = YES;
				CLANG_WARN_INT_CONVERSION = YES;
				CLANG_WARN_NON_LITERAL_NULL_CONVERSION = YES;
				CLANG_WARN_OBJC_IMPLICIT_RETAIN_SELF = YES;
				CLANG_WARN_OBJC_LITERAL_CONVERSION = YES;
				CLANG_WARN_OBJC_ROOT_CLASS = YES_ERROR;
				CLANG_WARN_QUOTED_INCLUDE_IN_FRAMEWORK_HEADER = YES;
				CLANG_WARN_RANGE_LOOP_ANALYSIS = YES;
				CLANG_WARN_STRICT_PROTOTYPES = YES;
				CLANG_WARN_SUSPICIOUS_MOVE = YES;
				CLANG_WARN_UNGUARDED_AVAILABILITY = YES_AGGRESSIVE;
				CLANG_WARN_UNREACHABLE_CODE = YES;
				CLANG_WARN__DUPLICATE_METHOD_MATCH = YES;
				COPY_PHASE_STRIP = NO;
				DEBUG_INFORMATION_FORMAT = dwarf;
				ENABLE_STRICT_OBJC_MSGSEND = YES;
				ENABLE_TESTABILITY = YES;
				ENABLE_USER_SCRIPT_SANDBOXING = YES;
				GCC_C_LANGUAGE_STANDARD = gnu17;
				GCC_DYNAMIC_NO_PIC = NO;
				GCC_NO_COMMON_BLOCKS = YES;
				GCC_OPTIMIZATION_LEVEL = 0;
				GCC_PREPROCESSOR_DEFINITIONS = (
					"DEBUG=1",
					"$(inherited)",
				);
				GCC_WARN_64_TO_32_BIT_CONVERSION = YES;
				GCC_WARN_ABOUT_RETURN_TYPE = YES_ERROR;
				GCC_WARN_UNDECLARED_SELECTOR = YES;
				GCC_WARN_UNINITIALIZED_AUTOS = YES_AGGRESSIVE;
				GCC_WARN_UNUSED_FUNCTION = YES;
				GCC_WARN_UNUSED_VARIABLE = YES;
				IPHONEOS_DEPLOYMENT_TARGET = 17.4;
				LOCALIZATION_PREFERS_STRING_CATALOGS = YES;
				MTL_ENABLE_DEBUG_INFO = INCLUDE_SOURCE;
				MTL_FAST_MATH = YES;
				ONLY_ACTIVE_ARCH = YES;
				SDKROOT = iphoneos;
				SWIFT_ACTIVE_COMPILATION_CONDITIONS = "DEBUG $(inherited)";
				SWIFT_OPTIMIZATION_LEVEL = "-Onone";
			};
			name = Debug;
		};
		992BD5C72BEE8F5A000F44FD /* Release */ = {
			isa = XCBuildConfiguration;
			buildSettings = {
				ALWAYS_SEARCH_USER_PATHS = NO;
				ASSETCATALOG_COMPILER_GENERATE_SWIFT_ASSET_SYMBOL_EXTENSIONS = YES;
				CLANG_ANALYZER_NONNULL = YES;
				CLANG_ANALYZER_NUMBER_OBJECT_CONVERSION = YES_AGGRESSIVE;
				CLANG_CXX_LANGUAGE_STANDARD = "gnu++20";
				CLANG_ENABLE_MODULES = YES;
				CLANG_ENABLE_OBJC_ARC = YES;
				CLANG_ENABLE_OBJC_WEAK = YES;
				CLANG_WARN_BLOCK_CAPTURE_AUTORELEASING = YES;
				CLANG_WARN_BOOL_CONVERSION = YES;
				CLANG_WARN_COMMA = YES;
				CLANG_WARN_CONSTANT_CONVERSION = YES;
				CLANG_WARN_DEPRECATED_OBJC_IMPLEMENTATIONS = YES;
				CLANG_WARN_DIRECT_OBJC_ISA_USAGE = YES_ERROR;
				CLANG_WARN_DOCUMENTATION_COMMENTS = YES;
				CLANG_WARN_EMPTY_BODY = YES;
				CLANG_WARN_ENUM_CONVERSION = YES;
				CLANG_WARN_INFINITE_RECURSION = YES;
				CLANG_WARN_INT_CONVERSION = YES;
				CLANG_WARN_NON_LITERAL_NULL_CONVERSION = YES;
				CLANG_WARN_OBJC_IMPLICIT_RETAIN_SELF = YES;
				CLANG_WARN_OBJC_LITERAL_CONVERSION = YES;
				CLANG_WARN_OBJC_ROOT_CLASS = YES_ERROR;
				CLANG_WARN_QUOTED_INCLUDE_IN_FRAMEWORK_HEADER = YES;
				CLANG_WARN_RANGE_LOOP_ANALYSIS = YES;
				CLANG_WARN_STRICT_PROTOTYPES = YES;
				CLANG_WARN_SUSPICIOUS_MOVE = YES;
				CLANG_WARN_UNGUARDED_AVAILABILITY = YES_AGGRESSIVE;
				CLANG_WARN_UNREACHABLE_CODE = YES;
				CLANG_WARN__DUPLICATE_METHOD_MATCH = YES;
				COPY_PHASE_STRIP = NO;
				DEBUG_INFORMATION_FORMAT = "dwarf-with-dsym";
				ENABLE_NS_ASSERTIONS = NO;
				ENABLE_STRICT_OBJC_MSGSEND = YES;
				ENABLE_USER_SCRIPT_SANDBOXING = YES;
				GCC_C_LANGUAGE_STANDARD = gnu17;
				GCC_NO_COMMON_BLOCKS = YES;
				GCC_WARN_64_TO_32_BIT_CONVERSION = YES;
				GCC_WARN_ABOUT_RETURN_TYPE = YES_ERROR;
				GCC_WARN_UNDECLARED_SELECTOR = YES;
				GCC_WARN_UNINITIALIZED_AUTOS = YES_AGGRESSIVE;
				GCC_WARN_UNUSED_FUNCTION = YES;
				GCC_WARN_UNUSED_VARIABLE = YES;
				IPHONEOS_DEPLOYMENT_TARGET = 17.4;
				LOCALIZATION_PREFERS_STRING_CATALOGS = YES;
				MTL_ENABLE_DEBUG_INFO = NO;
				MTL_FAST_MATH = YES;
				SDKROOT = iphoneos;
				SWIFT_COMPILATION_MODE = wholemodule;
				VALIDATE_PRODUCT = YES;
			};
			name = Release;
		};
		992BD5C92BEE8F5A000F44FD /* Debug */ = {
			isa = XCBuildConfiguration;
			buildSettings = {
				ASSETCATALOG_COMPILER_APPICON_NAME = AppIcon;
				ASSETCATALOG_COMPILER_GLOBAL_ACCENT_COLOR_NAME = AccentColor;
				CODE_SIGN_STYLE = Automatic;
				CURRENT_PROJECT_VERSION = 1;
				DEVELOPMENT_ASSET_PATHS = "\"Coolvert/Preview Content\"";
				DEVELOPMENT_TEAM = W47693FP4B;
				ENABLE_PREVIEWS = YES;
				GENERATE_INFOPLIST_FILE = YES;
				INFOPLIST_KEY_UIApplicationSceneManifest_Generation = YES;
				INFOPLIST_KEY_UIApplicationSupportsIndirectInputEvents = YES;
				INFOPLIST_KEY_UILaunchScreen_Generation = YES;
				INFOPLIST_KEY_UISupportedInterfaceOrientations_iPad = "UIInterfaceOrientationPortrait UIInterfaceOrientationPortraitUpsideDown UIInterfaceOrientationLandscapeLeft UIInterfaceOrientationLandscapeRight";
				INFOPLIST_KEY_UISupportedInterfaceOrientations_iPhone = "UIInterfaceOrientationPortrait UIInterfaceOrientationLandscapeLeft UIInterfaceOrientationLandscapeRight";
				LD_RUNPATH_SEARCH_PATHS = (
					"$(inherited)",
					"@executable_path/Frameworks",
				);
				MARKETING_VERSION = 1.0;
				PRODUCT_BUNDLE_IDENTIFIER = Alysson.Reis.test.Coolvert;
				PRODUCT_NAME = "$(TARGET_NAME)";
				SWIFT_EMIT_LOC_STRINGS = YES;
				SWIFT_VERSION = 5.0;
				TARGETED_DEVICE_FAMILY = "1,2";
			};
			name = Debug;
		};
		992BD5CA2BEE8F5A000F44FD /* Release */ = {
			isa = XCBuildConfiguration;
			buildSettings = {
				ASSETCATALOG_COMPILER_APPICON_NAME = AppIcon;
				ASSETCATALOG_COMPILER_GLOBAL_ACCENT_COLOR_NAME = AccentColor;
				CODE_SIGN_STYLE = Automatic;
				CURRENT_PROJECT_VERSION = 1;
				DEVELOPMENT_ASSET_PATHS = "\"Coolvert/Preview Content\"";
				DEVELOPMENT_TEAM = W47693FP4B;
				ENABLE_PREVIEWS = YES;
				GENERATE_INFOPLIST_FILE = YES;
				INFOPLIST_KEY_UIApplicationSceneManifest_Generation = YES;
				INFOPLIST_KEY_UIApplicationSupportsIndirectInputEvents = YES;
				INFOPLIST_KEY_UILaunchScreen_Generation = YES;
				INFOPLIST_KEY_UISupportedInterfaceOrientations_iPad = "UIInterfaceOrientationPortrait UIInterfaceOrientationPortraitUpsideDown UIInterfaceOrientationLandscapeLeft UIInterfaceOrientationLandscapeRight";
				INFOPLIST_KEY_UISupportedInterfaceOrientations_iPhone = "UIInterfaceOrientationPortrait UIInterfaceOrientationLandscapeLeft UIInterfaceOrientationLandscapeRight";
				LD_RUNPATH_SEARCH_PATHS = (
					"$(inherited)",
					"@executable_path/Frameworks",
				);
				MARKETING_VERSION = 1.0;
				PRODUCT_BUNDLE_IDENTIFIER = Alysson.Reis.test.Coolvert;
				PRODUCT_NAME = "$(TARGET_NAME)";
				SWIFT_EMIT_LOC_STRINGS = YES;
				SWIFT_VERSION = 5.0;
				TARGETED_DEVICE_FAMILY = "1,2";
			};
			name = Release;
		};
/* End XCBuildConfiguration section */

/* Begin XCConfigurationList section */
		992BD5B52BEE8F59000F44FD /* Build configuration list for PBXProject "Coolvert" */ = {
			isa = XCConfigurationList;
			buildConfigurations = (
				992BD5C62BEE8F5A000F44FD /* Debug */,
				992BD5C72BEE8F5A000F44FD /* Release */,
			);
			defaultConfigurationIsVisible = 0;
			defaultConfigurationName = Release;
		};
		992BD5C82BEE8F5A000F44FD /* Build configuration list for PBXNativeTarget "Coolvert" */ = {
			isa = XCConfigurationList;
			buildConfigurations = (
				992BD5C92BEE8F5A000F44FD /* Debug */,
				992BD5CA2BEE8F5A000F44FD /* Release */,
			);
			defaultConfigurationIsVisible = 0;
			defaultConfigurationName = Release;
		};
/* End XCConfigurationList section */

/* Begin XCRemoteSwiftPackageReference section */
		9908CF7D2BFC178400F4962A /* XCRemoteSwiftPackageReference "SwiftSVG" */ = {
			isa = XCRemoteSwiftPackageReference;
			repositoryURL = "https://github.com/mchoe/SwiftSVG";
			requirement = {
				branch = master;
				kind = branch;
			};
		};
		9908CF812BFC211400F4962A /* XCRemoteSwiftPackageReference "SVGKit" */ = {
			isa = XCRemoteSwiftPackageReference;
			repositoryURL = "https://github.com/SVGKit/SVGKit";
			requirement = {
				kind = upToNextMajorVersion;
				minimumVersion = 3.0.0;
			};
		};
		992BD5CF2BF2D0A4000F44FD /* XCRemoteSwiftPackageReference "firebase-ios-sdk" */ = {
			isa = XCRemoteSwiftPackageReference;
			repositoryURL = "https://github.com/firebase/firebase-ios-sdk";
			requirement = {
				kind = upToNextMajorVersion;
				minimumVersion = 10.26.0;
			};
		};
/* End XCRemoteSwiftPackageReference section */

/* Begin XCSwiftPackageProductDependency section */
		9908CF7E2BFC178400F4962A /* SwiftSVG */ = {
			isa = XCSwiftPackageProductDependency;
			package = 9908CF7D2BFC178400F4962A /* XCRemoteSwiftPackageReference "SwiftSVG" */;
			productName = SwiftSVG;
		};
		9908CF822BFC211400F4962A /* SVGKit */ = {
			isa = XCSwiftPackageProductDependency;
			package = 9908CF812BFC211400F4962A /* XCRemoteSwiftPackageReference "SVGKit" */;
			productName = SVGKit;
		};
		9908CF842BFC211400F4962A /* SVGKitSwift */ = {
			isa = XCSwiftPackageProductDependency;
			package = 9908CF812BFC211400F4962A /* XCRemoteSwiftPackageReference "SVGKit" */;
			productName = SVGKitSwift;
		};
		992BD5D02BF2D0A4000F44FD /* FirebaseAnalytics */ = {
			isa = XCSwiftPackageProductDependency;
			package = 992BD5CF2BF2D0A4000F44FD /* XCRemoteSwiftPackageReference "firebase-ios-sdk" */;
			productName = FirebaseAnalytics;
		};
		992BD5D22BF2D0A4000F44FD /* FirebaseAuth */ = {
			isa = XCSwiftPackageProductDependency;
			package = 992BD5CF2BF2D0A4000F44FD /* XCRemoteSwiftPackageReference "firebase-ios-sdk" */;
			productName = FirebaseAuth;
		};
		992BD5D42BF2D0A4000F44FD /* FirebaseFirestore */ = {
			isa = XCSwiftPackageProductDependency;
			package = 992BD5CF2BF2D0A4000F44FD /* XCRemoteSwiftPackageReference "firebase-ios-sdk" */;
			productName = FirebaseFirestore;
		};
		992BD5D62BF2D0A4000F44FD /* FirebaseStorage */ = {
			isa = XCSwiftPackageProductDependency;
			package = 992BD5CF2BF2D0A4000F44FD /* XCRemoteSwiftPackageReference "firebase-ios-sdk" */;
			productName = FirebaseStorage;
		};
/* End XCSwiftPackageProductDependency section */
	};
	rootObject = 992BD5B22BEE8F59000F44FD /* Project object */;
}
